// !$*UTF8*$!
{
	archiveVersion = 1;
	classes = {
	};
	objectVersion = 46;
	objects = {

/* Begin PBXBuildFile section */
		4D4841D21C544D28007DEF1B /* GraphView.framework in Frameworks */ = {isa = PBXBuildFile; fileRef = 4D4841CD1C544D20007DEF1B /* GraphView.framework */; };
		4D4841D31C544D28007DEF1B /* GraphView.framework in Embed Frameworks */ = {isa = PBXBuildFile; fileRef = 4D4841CD1C544D20007DEF1B /* GraphView.framework */; settings = {ATTRIBUTES = (CodeSignOnCopy, RemoveHeadersOnCopy, ); }; };
		F7B606551C546D75004CC069 /* CanvasView.swift in Sources */ = {isa = PBXBuildFile; fileRef = F7B6064D1C546D75004CC069 /* CanvasView.swift */; };
		F7B606561C546D75004CC069 /* ReticleView.swift in Sources */ = {isa = PBXBuildFile; fileRef = F7B6064E1C546D75004CC069 /* ReticleView.swift */; };
		F7B606571C546D75004CC069 /* Line.swift in Sources */ = {isa = PBXBuildFile; fileRef = F7B6064F1C546D75004CC069 /* Line.swift */; };
		F7B606581C546D75004CC069 /* TXMathHelper.m in Sources */ = {isa = PBXBuildFile; fileRef = F7B606511C546D75004CC069 /* TXMathHelper.m */; };
		F7B606591C546D75004CC069 /* TXShapeRecognizer.m in Sources */ = {isa = PBXBuildFile; fileRef = F7B606531C546D75004CC069 /* TXShapeRecognizer.m */; };
		F7C962B81C5413A500C340CF /* AppDelegate.swift in Sources */ = {isa = PBXBuildFile; fileRef = F7C962B71C5413A500C340CF /* AppDelegate.swift */; };
		F7C962BA1C5413A500C340CF /* MasterViewController.swift in Sources */ = {isa = PBXBuildFile; fileRef = F7C962B91C5413A500C340CF /* MasterViewController.swift */; };
		F7C962BC1C5413A500C340CF /* DetailViewController.swift in Sources */ = {isa = PBXBuildFile; fileRef = F7C962BB1C5413A500C340CF /* DetailViewController.swift */; };
		F7C962BF1C5413A500C340CF /* Main.storyboard in Resources */ = {isa = PBXBuildFile; fileRef = F7C962BD1C5413A500C340CF /* Main.storyboard */; };
		F7C962C11C5413A500C340CF /* Assets.xcassets in Resources */ = {isa = PBXBuildFile; fileRef = F7C962C01C5413A500C340CF /* Assets.xcassets */; };
		F7C962C41C5413A500C340CF /* LaunchScreen.storyboard in Resources */ = {isa = PBXBuildFile; fileRef = F7C962C21C5413A500C340CF /* LaunchScreen.storyboard */; };
		F7C962CF1C5413A500C340CF /* LogicalTests.swift in Sources */ = {isa = PBXBuildFile; fileRef = F7C962CE1C5413A500C340CF /* LogicalTests.swift */; };
		F7C962DA1C5413A500C340CF /* LogicalUITests.swift in Sources */ = {isa = PBXBuildFile; fileRef = F7C962D91C5413A500C340CF /* LogicalUITests.swift */; };
/* End PBXBuildFile section */

/* Begin PBXContainerItemProxy section */
		4D4841CC1C544D20007DEF1B /* PBXContainerItemProxy */ = {
			isa = PBXContainerItemProxy;
			containerPortal = 4D4841C61C544D20007DEF1B /* GraphView.xcodeproj */;
			proxyType = 2;
			remoteGlobalIDString = 4D4841251C541028007DEF1B;
			remoteInfo = GraphView;
		};
		4D4841CE1C544D20007DEF1B /* PBXContainerItemProxy */ = {
			isa = PBXContainerItemProxy;
			containerPortal = 4D4841C61C544D20007DEF1B /* GraphView.xcodeproj */;
			proxyType = 2;
			remoteGlobalIDString = 4D48412F1C541028007DEF1B;
			remoteInfo = GraphViewTests;
		};
		4D4841D01C544D20007DEF1B /* PBXContainerItemProxy */ = {
			isa = PBXContainerItemProxy;
			containerPortal = 4D4841C61C544D20007DEF1B /* GraphView.xcodeproj */;
			proxyType = 2;
			remoteGlobalIDString = 4D4841A71C544057007DEF1B;
			remoteInfo = GraphViewExample;
		};
		4D4841D41C544D28007DEF1B /* PBXContainerItemProxy */ = {
			isa = PBXContainerItemProxy;
			containerPortal = 4D4841C61C544D20007DEF1B /* GraphView.xcodeproj */;
			proxyType = 1;
			remoteGlobalIDString = 4D4841241C541028007DEF1B;
			remoteInfo = GraphView;
		};
		F7C962CB1C5413A500C340CF /* PBXContainerItemProxy */ = {
			isa = PBXContainerItemProxy;
			containerPortal = F7C962AC1C5413A400C340CF /* Project object */;
			proxyType = 1;
			remoteGlobalIDString = F7C962B31C5413A500C340CF;
			remoteInfo = Logical;
		};
		F7C962D61C5413A500C340CF /* PBXContainerItemProxy */ = {
			isa = PBXContainerItemProxy;
			containerPortal = F7C962AC1C5413A400C340CF /* Project object */;
			proxyType = 1;
			remoteGlobalIDString = F7C962B31C5413A500C340CF;
			remoteInfo = Logical;
		};
/* End PBXContainerItemProxy section */

/* Begin PBXCopyFilesBuildPhase section */
		4D4841D61C544D28007DEF1B /* Embed Frameworks */ = {
			isa = PBXCopyFilesBuildPhase;
			buildActionMask = 2147483647;
			dstPath = "";
			dstSubfolderSpec = 10;
			files = (
				4D4841D31C544D28007DEF1B /* GraphView.framework in Embed Frameworks */,
			);
			name = "Embed Frameworks";
			runOnlyForDeploymentPostprocessing = 0;
		};
/* End PBXCopyFilesBuildPhase section */

/* Begin PBXFileReference section */
		4D4841C61C544D20007DEF1B /* GraphView.xcodeproj */ = {isa = PBXFileReference; lastKnownFileType = "wrapper.pb-project"; name = GraphView.xcodeproj; path = ../Submodules/GraphView/GraphView/GraphView.xcodeproj; sourceTree = "<group>"; };
		F7B6064D1C546D75004CC069 /* CanvasView.swift */ = {isa = PBXFileReference; fileEncoding = 4; lastKnownFileType = sourcecode.swift; path = CanvasView.swift; sourceTree = "<group>"; };
		F7B6064E1C546D75004CC069 /* ReticleView.swift */ = {isa = PBXFileReference; fileEncoding = 4; lastKnownFileType = sourcecode.swift; path = ReticleView.swift; sourceTree = "<group>"; };
		F7B6064F1C546D75004CC069 /* Line.swift */ = {isa = PBXFileReference; fileEncoding = 4; lastKnownFileType = sourcecode.swift; path = Line.swift; sourceTree = "<group>"; };
		F7B606501C546D75004CC069 /* TXMathHelper.h */ = {isa = PBXFileReference; fileEncoding = 4; lastKnownFileType = sourcecode.c.h; path = TXMathHelper.h; sourceTree = "<group>"; };
		F7B606511C546D75004CC069 /* TXMathHelper.m */ = {isa = PBXFileReference; fileEncoding = 4; lastKnownFileType = sourcecode.c.objc; path = TXMathHelper.m; sourceTree = "<group>"; };
		F7B606521C546D75004CC069 /* TXShapeRecognizer.h */ = {isa = PBXFileReference; fileEncoding = 4; lastKnownFileType = sourcecode.c.h; path = TXShapeRecognizer.h; sourceTree = "<group>"; };
		F7B606531C546D75004CC069 /* TXShapeRecognizer.m */ = {isa = PBXFileReference; fileEncoding = 4; lastKnownFileType = sourcecode.c.objc; path = TXShapeRecognizer.m; sourceTree = "<group>"; };
		F7B606541C546D75004CC069 /* TouchCanvas-Bridging-Header.h */ = {isa = PBXFileReference; fileEncoding = 4; lastKnownFileType = sourcecode.c.h; path = "TouchCanvas-Bridging-Header.h"; sourceTree = "<group>"; };
		F7C962B41C5413A500C340CF /* Logical.app */ = {isa = PBXFileReference; explicitFileType = wrapper.application; includeInIndex = 0; path = Logical.app; sourceTree = BUILT_PRODUCTS_DIR; };
		F7C962B71C5413A500C340CF /* AppDelegate.swift */ = {isa = PBXFileReference; lastKnownFileType = sourcecode.swift; path = AppDelegate.swift; sourceTree = "<group>"; };
		F7C962B91C5413A500C340CF /* MasterViewController.swift */ = {isa = PBXFileReference; lastKnownFileType = sourcecode.swift; path = MasterViewController.swift; sourceTree = "<group>"; };
		F7C962BB1C5413A500C340CF /* DetailViewController.swift */ = {isa = PBXFileReference; lastKnownFileType = sourcecode.swift; path = DetailViewController.swift; sourceTree = "<group>"; };
		F7C962BE1C5413A500C340CF /* Base */ = {isa = PBXFileReference; lastKnownFileType = file.storyboard; name = Base; path = Base.lproj/Main.storyboard; sourceTree = "<group>"; };
		F7C962C01C5413A500C340CF /* Assets.xcassets */ = {isa = PBXFileReference; lastKnownFileType = folder.assetcatalog; path = Assets.xcassets; sourceTree = "<group>"; };
		F7C962C31C5413A500C340CF /* Base */ = {isa = PBXFileReference; lastKnownFileType = file.storyboard; name = Base; path = Base.lproj/LaunchScreen.storyboard; sourceTree = "<group>"; };
		F7C962C51C5413A500C340CF /* Info.plist */ = {isa = PBXFileReference; lastKnownFileType = text.plist.xml; path = Info.plist; sourceTree = "<group>"; };
		F7C962CA1C5413A500C340CF /* LogicalTests.xctest */ = {isa = PBXFileReference; explicitFileType = wrapper.cfbundle; includeInIndex = 0; path = LogicalTests.xctest; sourceTree = BUILT_PRODUCTS_DIR; };
		F7C962CE1C5413A500C340CF /* LogicalTests.swift */ = {isa = PBXFileReference; lastKnownFileType = sourcecode.swift; path = LogicalTests.swift; sourceTree = "<group>"; };
		F7C962D01C5413A500C340CF /* Info.plist */ = {isa = PBXFileReference; lastKnownFileType = text.plist.xml; path = Info.plist; sourceTree = "<group>"; };
		F7C962D51C5413A500C340CF /* LogicalUITests.xctest */ = {isa = PBXFileReference; explicitFileType = wrapper.cfbundle; includeInIndex = 0; path = LogicalUITests.xctest; sourceTree = BUILT_PRODUCTS_DIR; };
		F7C962D91C5413A500C340CF /* LogicalUITests.swift */ = {isa = PBXFileReference; lastKnownFileType = sourcecode.swift; path = LogicalUITests.swift; sourceTree = "<group>"; };
		F7C962DB1C5413A500C340CF /* Info.plist */ = {isa = PBXFileReference; lastKnownFileType = text.plist.xml; path = Info.plist; sourceTree = "<group>"; };
/* End PBXFileReference section */

/* Begin PBXFrameworksBuildPhase section */
		F7C962B11C5413A500C340CF /* Frameworks */ = {
			isa = PBXFrameworksBuildPhase;
			buildActionMask = 2147483647;
			files = (
				4D4841D21C544D28007DEF1B /* GraphView.framework in Frameworks */,
			);
			runOnlyForDeploymentPostprocessing = 0;
		};
		F7C962C71C5413A500C340CF /* Frameworks */ = {
			isa = PBXFrameworksBuildPhase;
			buildActionMask = 2147483647;
			files = (
			);
			runOnlyForDeploymentPostprocessing = 0;
		};
		F7C962D21C5413A500C340CF /* Frameworks */ = {
			isa = PBXFrameworksBuildPhase;
			buildActionMask = 2147483647;
			files = (
			);
			runOnlyForDeploymentPostprocessing = 0;
		};
/* End PBXFrameworksBuildPhase section */

/* Begin PBXGroup section */
		4D4841C71C544D20007DEF1B /* Products */ = {
			isa = PBXGroup;
			children = (
				4D4841CD1C544D20007DEF1B /* GraphView.framework */,
				4D4841CF1C544D20007DEF1B /* GraphViewTests.xctest */,
				4D4841D11C544D20007DEF1B /* GraphViewExample.app */,
			);
			name = Products;
			sourceTree = "<group>";
		};
		F7C962AB1C5413A400C340CF = {
			isa = PBXGroup;
			children = (
				4D4841C61C544D20007DEF1B /* GraphView.xcodeproj */,
				F7C962B61C5413A500C340CF /* Logical */,
				F7C962CD1C5413A500C340CF /* LogicalTests */,
				F7C962D81C5413A500C340CF /* LogicalUITests */,
				F7C962B51C5413A500C340CF /* Products */,
			);
			sourceTree = "<group>";
		};
		F7C962B51C5413A500C340CF /* Products */ = {
			isa = PBXGroup;
			children = (
				F7C962B41C5413A500C340CF /* Logical.app */,
				F7C962CA1C5413A500C340CF /* LogicalTests.xctest */,
				F7C962D51C5413A500C340CF /* LogicalUITests.xctest */,
			);
			name = Products;
			sourceTree = "<group>";
		};
		F7C962B61C5413A500C340CF /* Logical */ = {
			isa = PBXGroup;
			children = (
				F7C962B71C5413A500C340CF /* AppDelegate.swift */,
				F7C962B91C5413A500C340CF /* MasterViewController.swift */,
				F7C962BB1C5413A500C340CF /* DetailViewController.swift */,
				F7C962BD1C5413A500C340CF /* Main.storyboard */,
				F7C962C01C5413A500C340CF /* Assets.xcassets */,
				F7C962C21C5413A500C340CF /* LaunchScreen.storyboard */,
				F7C962C51C5413A500C340CF /* Info.plist */,
				F7B6064D1C546D75004CC069 /* CanvasView.swift */,
				F7B6064E1C546D75004CC069 /* ReticleView.swift */,
				F7B6064F1C546D75004CC069 /* Line.swift */,
				F7B606501C546D75004CC069 /* TXMathHelper.h */,
				F7B606511C546D75004CC069 /* TXMathHelper.m */,
				F7B606521C546D75004CC069 /* TXShapeRecognizer.h */,
				F7B606531C546D75004CC069 /* TXShapeRecognizer.m */,
				F7B606541C546D75004CC069 /* TouchCanvas-Bridging-Header.h */,
			);
			path = Logical;
			sourceTree = "<group>";
		};
		F7C962CD1C5413A500C340CF /* LogicalTests */ = {
			isa = PBXGroup;
			children = (
				F7C962CE1C5413A500C340CF /* LogicalTests.swift */,
				F7C962D01C5413A500C340CF /* Info.plist */,
			);
			path = LogicalTests;
			sourceTree = "<group>";
		};
		F7C962D81C5413A500C340CF /* LogicalUITests */ = {
			isa = PBXGroup;
			children = (
				F7C962D91C5413A500C340CF /* LogicalUITests.swift */,
				F7C962DB1C5413A500C340CF /* Info.plist */,
			);
			path = LogicalUITests;
			sourceTree = "<group>";
		};
/* End PBXGroup section */

/* Begin PBXNativeTarget section */
		F7C962B31C5413A500C340CF /* Logical */ = {
			isa = PBXNativeTarget;
			buildConfigurationList = F7C962DE1C5413A500C340CF /* Build configuration list for PBXNativeTarget "Logical" */;
			buildPhases = (
				F7C962B01C5413A500C340CF /* Sources */,
				F7C962B11C5413A500C340CF /* Frameworks */,
				F7C962B21C5413A500C340CF /* Resources */,
				4D4841D61C544D28007DEF1B /* Embed Frameworks */,
			);
			buildRules = (
			);
			dependencies = (
				4D4841D51C544D28007DEF1B /* PBXTargetDependency */,
			);
			name = Logical;
			productName = Logical;
			productReference = F7C962B41C5413A500C340CF /* Logical.app */;
			productType = "com.apple.product-type.application";
		};
		F7C962C91C5413A500C340CF /* LogicalTests */ = {
			isa = PBXNativeTarget;
			buildConfigurationList = F7C962E11C5413A500C340CF /* Build configuration list for PBXNativeTarget "LogicalTests" */;
			buildPhases = (
				F7C962C61C5413A500C340CF /* Sources */,
				F7C962C71C5413A500C340CF /* Frameworks */,
				F7C962C81C5413A500C340CF /* Resources */,
			);
			buildRules = (
			);
			dependencies = (
				F7C962CC1C5413A500C340CF /* PBXTargetDependency */,
			);
			name = LogicalTests;
			productName = LogicalTests;
			productReference = F7C962CA1C5413A500C340CF /* LogicalTests.xctest */;
			productType = "com.apple.product-type.bundle.unit-test";
		};
		F7C962D41C5413A500C340CF /* LogicalUITests */ = {
			isa = PBXNativeTarget;
			buildConfigurationList = F7C962E41C5413A500C340CF /* Build configuration list for PBXNativeTarget "LogicalUITests" */;
			buildPhases = (
				F7C962D11C5413A500C340CF /* Sources */,
				F7C962D21C5413A500C340CF /* Frameworks */,
				F7C962D31C5413A500C340CF /* Resources */,
			);
			buildRules = (
			);
			dependencies = (
				F7C962D71C5413A500C340CF /* PBXTargetDependency */,
			);
			name = LogicalUITests;
			productName = LogicalUITests;
			productReference = F7C962D51C5413A500C340CF /* LogicalUITests.xctest */;
			productType = "com.apple.product-type.bundle.ui-testing";
		};
/* End PBXNativeTarget section */

/* Begin PBXProject section */
		F7C962AC1C5413A400C340CF /* Project object */ = {
			isa = PBXProject;
			attributes = {
				LastSwiftUpdateCheck = 0720;
				LastUpgradeCheck = 0720;
				ORGANIZATIONNAME = "Ethan Gill";
				TargetAttributes = {
					F7C962B31C5413A500C340CF = {
						CreatedOnToolsVersion = 7.2;
						DevelopmentTeam = K2P452F89V;
					};
					F7C962C91C5413A500C340CF = {
						CreatedOnToolsVersion = 7.2;
						DevelopmentTeam = K2P452F89V;
						TestTargetID = F7C962B31C5413A500C340CF;
					};
					F7C962D41C5413A500C340CF = {
						CreatedOnToolsVersion = 7.2;
						DevelopmentTeam = K2P452F89V;
						TestTargetID = F7C962B31C5413A500C340CF;
					};
				};
			};
			buildConfigurationList = F7C962AF1C5413A400C340CF /* Build configuration list for PBXProject "Logical" */;
			compatibilityVersion = "Xcode 3.2";
			developmentRegion = English;
			hasScannedForEncodings = 0;
			knownRegions = (
				en,
				Base,
			);
			mainGroup = F7C962AB1C5413A400C340CF;
			productRefGroup = F7C962B51C5413A500C340CF /* Products */;
			projectDirPath = "";
			projectReferences = (
				{
					ProductGroup = 4D4841C71C544D20007DEF1B /* Products */;
					ProjectRef = 4D4841C61C544D20007DEF1B /* GraphView.xcodeproj */;
				},
			);
			projectRoot = "";
			targets = (
				F7C962B31C5413A500C340CF /* Logical */,
				F7C962C91C5413A500C340CF /* LogicalTests */,
				F7C962D41C5413A500C340CF /* LogicalUITests */,
			);
		};
/* End PBXProject section */

/* Begin PBXReferenceProxy section */
		4D4841CD1C544D20007DEF1B /* GraphView.framework */ = {
			isa = PBXReferenceProxy;
			fileType = wrapper.framework;
			path = GraphView.framework;
			remoteRef = 4D4841CC1C544D20007DEF1B /* PBXContainerItemProxy */;
			sourceTree = BUILT_PRODUCTS_DIR;
		};
		4D4841CF1C544D20007DEF1B /* GraphViewTests.xctest */ = {
			isa = PBXReferenceProxy;
			fileType = wrapper.cfbundle;
			path = GraphViewTests.xctest;
			remoteRef = 4D4841CE1C544D20007DEF1B /* PBXContainerItemProxy */;
			sourceTree = BUILT_PRODUCTS_DIR;
		};
		4D4841D11C544D20007DEF1B /* GraphViewExample.app */ = {
			isa = PBXReferenceProxy;
			fileType = wrapper.application;
			path = GraphViewExample.app;
			remoteRef = 4D4841D01C544D20007DEF1B /* PBXContainerItemProxy */;
			sourceTree = BUILT_PRODUCTS_DIR;
		};
/* End PBXReferenceProxy section */

/* Begin PBXResourcesBuildPhase section */
		F7C962B21C5413A500C340CF /* Resources */ = {
			isa = PBXResourcesBuildPhase;
			buildActionMask = 2147483647;
			files = (
				F7C962C41C5413A500C340CF /* LaunchScreen.storyboard in Resources */,
				F7C962C11C5413A500C340CF /* Assets.xcassets in Resources */,
				F7C962BF1C5413A500C340CF /* Main.storyboard in Resources */,
			);
			runOnlyForDeploymentPostprocessing = 0;
		};
		F7C962C81C5413A500C340CF /* Resources */ = {
			isa = PBXResourcesBuildPhase;
			buildActionMask = 2147483647;
			files = (
			);
			runOnlyForDeploymentPostprocessing = 0;
		};
		F7C962D31C5413A500C340CF /* Resources */ = {
			isa = PBXResourcesBuildPhase;
			buildActionMask = 2147483647;
			files = (
			);
			runOnlyForDeploymentPostprocessing = 0;
		};
/* End PBXResourcesBuildPhase section */

/* Begin PBXSourcesBuildPhase section */
		F7C962B01C5413A500C340CF /* Sources */ = {
			isa = PBXSourcesBuildPhase;
			buildActionMask = 2147483647;
			files = (
				F7C962BC1C5413A500C340CF /* DetailViewController.swift in Sources */,
				F7B606561C546D75004CC069 /* ReticleView.swift in Sources */,
				F7C962BA1C5413A500C340CF /* MasterViewController.swift in Sources */,
				F7B606591C546D75004CC069 /* TXShapeRecognizer.m in Sources */,
				F7B606571C546D75004CC069 /* Line.swift in Sources */,
				F7B606551C546D75004CC069 /* CanvasView.swift in Sources */,
				F7C962B81C5413A500C340CF /* AppDelegate.swift in Sources */,
				F7B606581C546D75004CC069 /* TXMathHelper.m in Sources */,
			);
			runOnlyForDeploymentPostprocessing = 0;
		};
		F7C962C61C5413A500C340CF /* Sources */ = {
			isa = PBXSourcesBuildPhase;
			buildActionMask = 2147483647;
			files = (
				F7C962CF1C5413A500C340CF /* LogicalTests.swift in Sources */,
			);
			runOnlyForDeploymentPostprocessing = 0;
		};
		F7C962D11C5413A500C340CF /* Sources */ = {
			isa = PBXSourcesBuildPhase;
			buildActionMask = 2147483647;
			files = (
				F7C962DA1C5413A500C340CF /* LogicalUITests.swift in Sources */,
			);
			runOnlyForDeploymentPostprocessing = 0;
		};
/* End PBXSourcesBuildPhase section */

/* Begin PBXTargetDependency section */
		4D4841D51C544D28007DEF1B /* PBXTargetDependency */ = {
			isa = PBXTargetDependency;
			name = GraphView;
			targetProxy = 4D4841D41C544D28007DEF1B /* PBXContainerItemProxy */;
		};
		F7C962CC1C5413A500C340CF /* PBXTargetDependency */ = {
			isa = PBXTargetDependency;
			target = F7C962B31C5413A500C340CF /* Logical */;
			targetProxy = F7C962CB1C5413A500C340CF /* PBXContainerItemProxy */;
		};
		F7C962D71C5413A500C340CF /* PBXTargetDependency */ = {
			isa = PBXTargetDependency;
			target = F7C962B31C5413A500C340CF /* Logical */;
			targetProxy = F7C962D61C5413A500C340CF /* PBXContainerItemProxy */;
		};
/* End PBXTargetDependency section */

/* Begin PBXVariantGroup section */
		F7C962BD1C5413A500C340CF /* Main.storyboard */ = {
			isa = PBXVariantGroup;
			children = (
				F7C962BE1C5413A500C340CF /* Base */,
			);
			name = Main.storyboard;
			sourceTree = "<group>";
		};
		F7C962C21C5413A500C340CF /* LaunchScreen.storyboard */ = {
			isa = PBXVariantGroup;
			children = (
				F7C962C31C5413A500C340CF /* Base */,
			);
			name = LaunchScreen.storyboard;
			sourceTree = "<group>";
		};
/* End PBXVariantGroup section */

/* Begin XCBuildConfiguration section */
		F7C962DC1C5413A500C340CF /* Debug */ = {
			isa = XCBuildConfiguration;
			buildSettings = {
				ALWAYS_SEARCH_USER_PATHS = NO;
				CLANG_CXX_LANGUAGE_STANDARD = "gnu++0x";
				CLANG_CXX_LIBRARY = "libc++";
				CLANG_ENABLE_MODULES = YES;
				CLANG_ENABLE_OBJC_ARC = YES;
				CLANG_WARN_BOOL_CONVERSION = YES;
				CLANG_WARN_CONSTANT_CONVERSION = YES;
				CLANG_WARN_DIRECT_OBJC_ISA_USAGE = YES_ERROR;
				CLANG_WARN_EMPTY_BODY = YES;
				CLANG_WARN_ENUM_CONVERSION = YES;
				CLANG_WARN_INT_CONVERSION = YES;
				CLANG_WARN_OBJC_ROOT_CLASS = YES_ERROR;
				CLANG_WARN_UNREACHABLE_CODE = YES;
				CLANG_WARN__DUPLICATE_METHOD_MATCH = YES;
				"CODE_SIGN_IDENTITY[sdk=iphoneos*]" = "iPhone Developer";
				COPY_PHASE_STRIP = NO;
				DEBUG_INFORMATION_FORMAT = dwarf;
				ENABLE_STRICT_OBJC_MSGSEND = YES;
				ENABLE_TESTABILITY = YES;
				GCC_C_LANGUAGE_STANDARD = gnu99;
				GCC_DYNAMIC_NO_PIC = NO;
				GCC_NO_COMMON_BLOCKS = YES;
				GCC_OPTIMIZATION_LEVEL = 0;
				GCC_PREPROCESSOR_DEFINITIONS = (
					"DEBUG=1",
					"$(inherited)",
				);
				GCC_WARN_64_TO_32_BIT_CONVERSION = YES;
				GCC_WARN_ABOUT_RETURN_TYPE = YES_ERROR;
				GCC_WARN_UNDECLARED_SELECTOR = YES;
				GCC_WARN_UNINITIALIZED_AUTOS = YES_AGGRESSIVE;
				GCC_WARN_UNUSED_FUNCTION = YES;
				GCC_WARN_UNUSED_VARIABLE = YES;
				IPHONEOS_DEPLOYMENT_TARGET = 9.2;
				MTL_ENABLE_DEBUG_INFO = YES;
				ONLY_ACTIVE_ARCH = YES;
				SDKROOT = iphoneos;
				SWIFT_OPTIMIZATION_LEVEL = "-Onone";
				TARGETED_DEVICE_FAMILY = "1,2";
			};
			name = Debug;
		};
		F7C962DD1C5413A500C340CF /* Release */ = {
			isa = XCBuildConfiguration;
			buildSettings = {
				ALWAYS_SEARCH_USER_PATHS = NO;
				CLANG_CXX_LANGUAGE_STANDARD = "gnu++0x";
				CLANG_CXX_LIBRARY = "libc++";
				CLANG_ENABLE_MODULES = YES;
				CLANG_ENABLE_OBJC_ARC = YES;
				CLANG_WARN_BOOL_CONVERSION = YES;
				CLANG_WARN_CONSTANT_CONVERSION = YES;
				CLANG_WARN_DIRECT_OBJC_ISA_USAGE = YES_ERROR;
				CLANG_WARN_EMPTY_BODY = YES;
				CLANG_WARN_ENUM_CONVERSION = YES;
				CLANG_WARN_INT_CONVERSION = YES;
				CLANG_WARN_OBJC_ROOT_CLASS = YES_ERROR;
				CLANG_WARN_UNREACHABLE_CODE = YES;
				CLANG_WARN__DUPLICATE_METHOD_MATCH = YES;
				"CODE_SIGN_IDENTITY[sdk=iphoneos*]" = "iPhone Developer";
				COPY_PHASE_STRIP = NO;
				DEBUG_INFORMATION_FORMAT = "dwarf-with-dsym";
				ENABLE_NS_ASSERTIONS = NO;
				ENABLE_STRICT_OBJC_MSGSEND = YES;
				GCC_C_LANGUAGE_STANDARD = gnu99;
				GCC_NO_COMMON_BLOCKS = YES;
				GCC_WARN_64_TO_32_BIT_CONVERSION = YES;
				GCC_WARN_ABOUT_RETURN_TYPE = YES_ERROR;
				GCC_WARN_UNDECLARED_SELECTOR = YES;
				GCC_WARN_UNINITIALIZED_AUTOS = YES_AGGRESSIVE;
				GCC_WARN_UNUSED_FUNCTION = YES;
				GCC_WARN_UNUSED_VARIABLE = YES;
				IPHONEOS_DEPLOYMENT_TARGET = 9.2;
				MTL_ENABLE_DEBUG_INFO = NO;
				SDKROOT = iphoneos;
				TARGETED_DEVICE_FAMILY = "1,2";
				VALIDATE_PRODUCT = YES;
			};
			name = Release;
		};
		F7C962DF1C5413A500C340CF /* Debug */ = {
			isa = XCBuildConfiguration;
			buildSettings = {
				ASSETCATALOG_COMPILER_APPICON_NAME = AppIcon;
				CODE_SIGN_IDENTITY = "iPhone Developer";
				"CODE_SIGN_IDENTITY[sdk=iphoneos*]" = "iPhone Developer";
				EMBEDDED_CONTENT_CONTAINS_SWIFT = YES;
				INFOPLIST_FILE = Logical/Info.plist;
				LD_RUNPATH_SEARCH_PATHS = "$(inherited) @executable_path/Frameworks";
				PRODUCT_BUNDLE_IDENTIFIER = com.ethansinjin.Logical;
				PRODUCT_NAME = "$(TARGET_NAME)";
				PROVISIONING_PROFILE = "";
				SWIFT_OBJC_BRIDGING_HEADER = "Logical/TouchCanvas-Bridging-Header.h";
				TARGETED_DEVICE_FAMILY = 2;
			};
			name = Debug;
		};
		F7C962E01C5413A500C340CF /* Release */ = {
			isa = XCBuildConfiguration;
			buildSettings = {
				ASSETCATALOG_COMPILER_APPICON_NAME = AppIcon;
				CODE_SIGN_IDENTITY = "iPhone Developer";
				"CODE_SIGN_IDENTITY[sdk=iphoneos*]" = "iPhone Developer";
				EMBEDDED_CONTENT_CONTAINS_SWIFT = YES;
				INFOPLIST_FILE = Logical/Info.plist;
				LD_RUNPATH_SEARCH_PATHS = "$(inherited) @executable_path/Frameworks";
				PRODUCT_BUNDLE_IDENTIFIER = com.ethansinjin.Logical;
				PRODUCT_NAME = "$(TARGET_NAME)";
				PROVISIONING_PROFILE = "";
				SWIFT_OBJC_BRIDGING_HEADER = "Logical/TouchCanvas-Bridging-Header.h";
				TARGETED_DEVICE_FAMILY = 2;
			};
			name = Release;
		};
		F7C962E21C5413A500C340CF /* Debug */ = {
			isa = XCBuildConfiguration;
			buildSettings = {
				BUNDLE_LOADER = "$(TEST_HOST)";
				INFOPLIST_FILE = LogicalTests/Info.plist;
				LD_RUNPATH_SEARCH_PATHS = "$(inherited) @executable_path/Frameworks @loader_path/Frameworks";
				PRODUCT_BUNDLE_IDENTIFIER = ethansinjin.LogicalTests;
				PRODUCT_NAME = "$(TARGET_NAME)";
				TEST_HOST = "$(BUILT_PRODUCTS_DIR)/Logical.app/Logical";
			};
			name = Debug;
		};
		F7C962E31C5413A500C340CF /* Release */ = {
			isa = XCBuildConfiguration;
			buildSettings = {
				BUNDLE_LOADER = "$(TEST_HOST)";
				INFOPLIST_FILE = LogicalTests/Info.plist;
				LD_RUNPATH_SEARCH_PATHS = "$(inherited) @executable_path/Frameworks @loader_path/Frameworks";
				PRODUCT_BUNDLE_IDENTIFIER = ethansinjin.LogicalTests;
				PRODUCT_NAME = "$(TARGET_NAME)";
				TEST_HOST = "$(BUILT_PRODUCTS_DIR)/Logical.app/Logical";
			};
			name = Release;
		};
		F7C962E51C5413A500C340CF /* Debug */ = {
			isa = XCBuildConfiguration;
			buildSettings = {
				INFOPLIST_FILE = LogicalUITests/Info.plist;
				LD_RUNPATH_SEARCH_PATHS = "$(inherited) @executable_path/Frameworks @loader_path/Frameworks";
				PRODUCT_BUNDLE_IDENTIFIER = ethansinjin.LogicalUITests;
				PRODUCT_NAME = "$(TARGET_NAME)";
				TEST_TARGET_NAME = Logical;
				USES_XCTRUNNER = YES;
			};
			name = Debug;
		};
		F7C962E61C5413A500C340CF /* Release */ = {
			isa = XCBuildConfiguration;
			buildSettings = {
				INFOPLIST_FILE = LogicalUITests/Info.plist;
				LD_RUNPATH_SEARCH_PATHS = "$(inherited) @executable_path/Frameworks @loader_path/Frameworks";
				PRODUCT_BUNDLE_IDENTIFIER = ethansinjin.LogicalUITests;
				PRODUCT_NAME = "$(TARGET_NAME)";
				TEST_TARGET_NAME = Logical;
				USES_XCTRUNNER = YES;
			};
			name = Release;
		};
/* End XCBuildConfiguration section */

/* Begin XCConfigurationList section */
		F7C962AF1C5413A400C340CF /* Build configuration list for PBXProject "Logical" */ = {
			isa = XCConfigurationList;
			buildConfigurations = (
				F7C962DC1C5413A500C340CF /* Debug */,
				F7C962DD1C5413A500C340CF /* Release */,
			);
			defaultConfigurationIsVisible = 0;
			defaultConfigurationName = Release;
		};
		F7C962DE1C5413A500C340CF /* Build configuration list for PBXNativeTarget "Logical" */ = {
			isa = XCConfigurationList;
			buildConfigurations = (
				F7C962DF1C5413A500C340CF /* Debug */,
				F7C962E01C5413A500C340CF /* Release */,
			);
			defaultConfigurationIsVisible = 0;
			defaultConfigurationName = Release;
		};
		F7C962E11C5413A500C340CF /* Build configuration list for PBXNativeTarget "LogicalTests" */ = {
			isa = XCConfigurationList;
			buildConfigurations = (
				F7C962E21C5413A500C340CF /* Debug */,
				F7C962E31C5413A500C340CF /* Release */,
			);
			defaultConfigurationIsVisible = 0;
			defaultConfigurationName = Release;
		};
		F7C962E41C5413A500C340CF /* Build configuration list for PBXNativeTarget "LogicalUITests" */ = {
			isa = XCConfigurationList;
			buildConfigurations = (
				F7C962E51C5413A500C340CF /* Debug */,
				F7C962E61C5413A500C340CF /* Release */,
			);
			defaultConfigurationIsVisible = 0;
			defaultConfigurationName = Release;
		};
/* End XCConfigurationList section */
	};
	rootObject = F7C962AC1C5413A400C340CF /* Project object */;
}
